
Microsoft Visual Studio Solution File, Format Version 12.00
# Visual Studio 15
Project("{FAE04EC0-301F-11D3-BF4B-00C04F79EFBC}") = "Assembly-CSharp-Editor", "Assembly-CSharp-Editor.csproj", "{B76478E4-AADD-C524-99E0-72991A8D335B}"
EndProject
Project("{FAE04EC0-301F-11D3-BF4B-00C04F79EFBC}") = "Assembly-CSharp", "Assembly-CSharp.csproj", "{1902AFB4-AB42-C6B0-A764-680DB9A8A9EA}"
EndProject
Global
	GlobalSection(SolutionConfigurationPlatforms) = preSolution
		Debug|Any CPU = Debug|Any CPU
		Release|Any CPU = Release|Any CPU
	EndGlobalSection
	GlobalSection(ProjectConfigurationPlatforms) = postSolution
		{B76478E4-AADD-C524-99E0-72991A8D335B}.Debug|Any CPU.ActiveCfg = Debug|Any CPU
		{B76478E4-AADD-C524-99E0-72991A8D335B}.Debug|Any CPU.Build.0 = Debug|Any CPU
		{B76478E4-AADD-C524-99E0-72991A8D335B}.Release|Any CPU.ActiveCfg = Release|Any CPU
		{B76478E4-AADD-C524-99E0-72991A8D335B}.Release|Any CPU.Build.0 = Release|Any CPU
		{1902AFB4-AB42-C6B0-A764-680DB9A8A9EA}.Debug|Any CPU.ActiveCfg = Debug|Any CPU
		{1902AFB4-AB42-C6B0-A764-680DB9A8A9EA}.Debug|Any CPU.Build.0 = Debug|Any CPU
		{1902AFB4-AB42-C6B0-A764-680DB9A8A9EA}.Release|Any CPU.ActiveCfg = Release|Any CPU
		{1902AFB4-AB42-C6B0-A764-680DB9A8A9EA}.Release|Any CPU.Build.0 = Release|Any CPU
	EndGlobalSection
	GlobalSection(SolutionProperties) = preSolution
		HideSolutionNode = FALSE
	EndGlobalSection
EndGlobal
